
Microsoft Visual Studio Solution File, Format Version 12.00
# Visual Studio Version 17
VisualStudioVersion = 17.5.002.0
MinimumVisualStudioVersion = 10.0.40219.1
Project("{9A19103F-16F7-4668-BE54-9A1E7A4F7556}") = "ToyKopitiamList", "ToyKopitiamList.csproj", "{61EC3B6C-DDE1-429C-935A-DDCEC6509A9F}"
EndProject
Global
	GlobalSection(SolutionConfigurationPlatforms) = preSolution
		Debug|Any CPU = Debug|Any CPU
		Release|Any CPU = Release|Any CPU
	EndGlobalSection
	GlobalSection(ProjectConfigurationPlatforms) = postSolution
		{61EC3B6C-DDE1-429C-935A-DDCEC6509A9F}.Debug|Any CPU.ActiveCfg = Debug|Any CPU
		{61EC3B6C-DDE1-429C-935A-DDCEC6509A9F}.Debug|Any CPU.Build.0 = Debug|Any CPU
		{61EC3B6C-DDE1-429C-935A-DDCEC6509A9F}.Release|Any CPU.ActiveCfg = Release|Any CPU
		{61EC3B6C-DDE1-429C-935A-DDCEC6509A9F}.Release|Any CPU.Build.0 = Release|Any CPU
	EndGlobalSection
	GlobalSection(SolutionProperties) = preSolution
		HideSolutionNode = FALSE
	EndGlobalSection
	GlobalSection(ExtensibilityGlobals) = postSolution
		SolutionGuid = {EFE9B1B1-3C36-4FC3-9358-B060945F6892}
	EndGlobalSection
EndGlobal
